// !$*UTF8*$!
{
	archiveVersion = 1;
	classes = {
	};
	objectVersion = 48;
	objects = {

/* Begin PBXBuildFile section */
		79277A9820224404005DBA42 /* Runner.cpp in Sources */ = {isa = PBXBuildFile; fileRef = 79277A9720224404005DBA42 /* Runner.cpp */; };
		79277A9C20224441005DBA42 /* Controller.cpp in Sources */ = {isa = PBXBuildFile; fileRef = 79277A9A20224441005DBA42 /* Controller.cpp */; };
		79277A9F202246DB005DBA42 /* Timer.cpp in Sources */ = {isa = PBXBuildFile; fileRef = 79277A9D202246DB005DBA42 /* Timer.cpp */; };
		79277AA320224D99005DBA42 /* FileController.cpp in Sources */ = {isa = PBXBuildFile; fileRef = 79277AA120224D99005DBA42 /* FileController.cpp */; };
		79277AAE2022562E005DBA42 /* CrimeData.cpp in Sources */ = {isa = PBXBuildFile; fileRef = 79277AAD2022562E005DBA42 /* CrimeData.cpp */; };
		79981F29202A339C008BB087 /* ArrayTester.cpp in Sources */ = {isa = PBXBuildFile; fileRef = 79981F27202A339C008BB087 /* ArrayTester.cpp */; };
/* End PBXBuildFile section */

/* Begin PBXCopyFilesBuildPhase section */
		79277A8B20224340005DBA42 /* CopyFiles */ = {
			isa = PBXCopyFilesBuildPhase;
			buildActionMask = 2147483647;
			dstPath = /usr/share/man/man1/;
			dstSubfolderSpec = 0;
			files = (
			);
			runOnlyForDeploymentPostprocessing = 1;
		};
/* End PBXCopyFilesBuildPhase section */

/* Begin PBXFileReference section */
		790ABDB3202CD91B0017FA4F /* NodeUML.uxf */ = {isa = PBXFileReference; fileEncoding = 4; lastKnownFileType = text.xml; path = NodeUML.uxf; sourceTree = SOURCE_ROOT; };
		790ABDB5202CE2D20017FA4F /* List.hpp */ = {isa = PBXFileReference; lastKnownFileType = sourcecode.cpp.h; path = List.hpp; sourceTree = "<group>"; };
		792202192024EEFD0043E15B /* Array.hpp */ = {isa = PBXFileReference; lastKnownFileType = sourcecode.cpp.h; path = Array.hpp; sourceTree = "<group>"; };
		79277A8D20224340005DBA42 /* DataStructures */ = {isa = PBXFileReference; explicitFileType = "compiled.mach-o.executable"; includeInIndex = 0; path = DataStructures; sourceTree = BUILT_PRODUCTS_DIR; };
		79277A9720224404005DBA42 /* Runner.cpp */ = {isa = PBXFileReference; lastKnownFileType = sourcecode.cpp.cpp; path = Runner.cpp; sourceTree = "<group>"; };
		79277A9A20224441005DBA42 /* Controller.cpp */ = {isa = PBXFileReference; lastKnownFileType = sourcecode.cpp.cpp; path = Controller.cpp; sourceTree = "<group>"; };
		79277A9B20224441005DBA42 /* Controller.hpp */ = {isa = PBXFileReference; lastKnownFileType = sourcecode.cpp.h; path = Controller.hpp; sourceTree = "<group>"; };
		79277A9D202246DB005DBA42 /* Timer.cpp */ = {isa = PBXFileReference; lastKnownFileType = sourcecode.cpp.cpp; path = Timer.cpp; sourceTree = "<group>"; };
		79277A9E202246DB005DBA42 /* Timer.hpp */ = {isa = PBXFileReference; lastKnownFileType = sourcecode.cpp.h; path = Timer.hpp; sourceTree = "<group>"; };
		79277AA120224D99005DBA42 /* FileController.cpp */ = {isa = PBXFileReference; lastKnownFileType = sourcecode.cpp.cpp; path = FileController.cpp; sourceTree = "<group>"; };
		79277AA220224D99005DBA42 /* FileController.hpp */ = {isa = PBXFileReference; lastKnownFileType = sourcecode.cpp.h; path = FileController.hpp; sourceTree = "<group>"; };
		79277AAC20225627005DBA42 /* crime.csv */ = {isa = PBXFileReference; fileEncoding = 4; lastKnownFileType = text; path = crime.csv; sourceTree = "<group>"; };
		79277AAD2022562E005DBA42 /* CrimeData.cpp */ = {isa = PBXFileReference; fileEncoding = 4; lastKnownFileType = sourcecode.cpp.cpp; path = CrimeData.cpp; sourceTree = "<group>"; };
		79277AAF20225633005DBA42 /* CrimeData.hpp */ = {isa = PBXFileReference; fileEncoding = 4; lastKnownFileType = sourcecode.cpp.h; path = CrimeData.hpp; sourceTree = "<group>"; };
		79981F27202A339C008BB087 /* ArrayTester.cpp */ = {isa = PBXFileReference; lastKnownFileType = sourcecode.cpp.cpp; path = ArrayTester.cpp; sourceTree = "<group>"; };
		79981F28202A339C008BB087 /* ArrayTester.hpp */ = {isa = PBXFileReference; lastKnownFileType = sourcecode.cpp.h; path = ArrayTester.hpp; sourceTree = "<group>"; };
		79981F2C202A4188008BB087 /* Node.hpp */ = {isa = PBXFileReference; lastKnownFileType = sourcecode.cpp.h; path = Node.hpp; sourceTree = "<group>"; };
		79981F2F202A455E008BB087 /* LinearNode.hpp */ = {isa = PBXFileReference; lastKnownFileType = sourcecode.cpp.h; path = LinearNode.hpp; sourceTree = "<group>"; };
/* End PBXFileReference section */

/* Begin PBXFrameworksBuildPhase section */
		79277A8A20224340005DBA42 /* Frameworks */ = {
			isa = PBXFrameworksBuildPhase;
			buildActionMask = 2147483647;
			files = (
			);
			runOnlyForDeploymentPostprocessing = 0;
		};
/* End PBXFrameworksBuildPhase section */

/* Begin PBXGroup section */
		792202152024ED5B0043E15B /* Model */ = {
			isa = PBXGroup;
			children = (
				79981F2A202A4170008BB087 /* Nodes */,
				792202162024EDCC0043E15B /* Structures */,
			);
			path = Model;
			sourceTree = "<group>";
		};
		792202162024EDCC0043E15B /* Structures */ = {
			isa = PBXGroup;
			children = (
				792202192024EEFD0043E15B /* Array.hpp */,
				790ABDB5202CE2D20017FA4F /* List.hpp */,
			);
			path = Structures;
			sourceTree = "<group>";
		};
		79277A8420224340005DBA42 = {
			isa = PBXGroup;
			children = (
				79277A8F20224340005DBA42 /* DataStructures */,
				79277A8E20224340005DBA42 /* Products */,
			);
			sourceTree = "<group>";
		};
		79277A8E20224340005DBA42 /* Products */ = {
			isa = PBXGroup;
			children = (
				79277A8D20224340005DBA42 /* DataStructures */,
			);
			name = Products;
			sourceTree = "<group>";
		};
		79277A8F20224340005DBA42 /* DataStructures */ = {
			isa = PBXGroup;
			children = (
				790ABDB3202CD91B0017FA4F /* NodeUML.uxf */,
				79981F26202A3387008BB087 /* Testers */,
				792202152024ED5B0043E15B /* Model */,
				79277AA42022515F005DBA42 /* Data */,
				79277A9920224430005DBA42 /* Controller */,
				79277A9720224404005DBA42 /* Runner.cpp */,
			);
			path = DataStructures;
			sourceTree = "<group>";
		};
		79277A9920224430005DBA42 /* Controller */ = {
			isa = PBXGroup;
			children = (
				79277AA020224713005DBA42 /* Tools */,
				79277A9A20224441005DBA42 /* Controller.cpp */,
				79277A9B20224441005DBA42 /* Controller.hpp */,
				79277AA120224D99005DBA42 /* FileController.cpp */,
				79277AA220224D99005DBA42 /* FileController.hpp */,
			);
			path = Controller;
			sourceTree = "<group>";
		};
		79277AA020224713005DBA42 /* Tools */ = {
			isa = PBXGroup;
			children = (
				79277A9D202246DB005DBA42 /* Timer.cpp */,
				79277A9E202246DB005DBA42 /* Timer.hpp */,
			);
			path = Tools;
			sourceTree = "<group>";
		};
		79277AA42022515F005DBA42 /* Data */ = {
			isa = PBXGroup;
			children = (
				79277AAF20225633005DBA42 /* CrimeData.hpp */,
				79277AAD2022562E005DBA42 /* CrimeData.cpp */,
				79277AAC20225627005DBA42 /* crime.csv */,
			);
			path = Data;
			sourceTree = "<group>";
		};
		79981F26202A3387008BB087 /* Testers */ = {
			isa = PBXGroup;
			children = (
				79981F27202A339C008BB087 /* ArrayTester.cpp */,
				79981F28202A339C008BB087 /* ArrayTester.hpp */,
			);
			path = Testers;
			sourceTree = "<group>";
		};
		79981F2A202A4170008BB087 /* Nodes */ = {
			isa = PBXGroup;
			children = (
				79981F2C202A4188008BB087 /* Node.hpp */,
				79981F2F202A455E008BB087 /* LinearNode.hpp */,
			);
			path = Nodes;
			sourceTree = "<group>";
		};
/* End PBXGroup section */

/* Begin PBXNativeTarget section */
		79277A8C20224340005DBA42 /* DataStructures */ = {
			isa = PBXNativeTarget;
			buildConfigurationList = 79277A9420224340005DBA42 /* Build configuration list for PBXNativeTarget "DataStructures" */;
			buildPhases = (
				79277A8920224340005DBA42 /* Sources */,
				79277A8A20224340005DBA42 /* Frameworks */,
				79277A8B20224340005DBA42 /* CopyFiles */,
			);
			buildRules = (
			);
			dependencies = (
			);
			name = DataStructures;
			productName = DataStructures;
			productReference = 79277A8D20224340005DBA42 /* DataStructures */;
			productType = "com.apple.product-type.tool";
		};
/* End PBXNativeTarget section */

/* Begin PBXProject section */
		79277A8520224340005DBA42 /* Project object */ = {
			isa = PBXProject;
			attributes = {
				LastUpgradeCheck = 0900;
				ORGANIZATIONNAME = "Schimel, Dustin";
				TargetAttributes = {
					79277A8C20224340005DBA42 = {
						CreatedOnToolsVersion = 9.0;
						ProvisioningStyle = Automatic;
					};
				};
			};
			buildConfigurationList = 79277A8820224340005DBA42 /* Build configuration list for PBXProject "DataStructures" */;
			compatibilityVersion = "Xcode 8.0";
			developmentRegion = en;
			hasScannedForEncodings = 0;
			knownRegions = (
				en,
			);
			mainGroup = 79277A8420224340005DBA42;
			productRefGroup = 79277A8E20224340005DBA42 /* Products */;
			projectDirPath = "";
			projectRoot = "";
			targets = (
				79277A8C20224340005DBA42 /* DataStructures */,
			);
		};
/* End PBXProject section */

/* Begin PBXSourcesBuildPhase section */
		79277A8920224340005DBA42 /* Sources */ = {
			isa = PBXSourcesBuildPhase;
			buildActionMask = 2147483647;
			files = (
				79277A9F202246DB005DBA42 /* Timer.cpp in Sources */,
				79277AAE2022562E005DBA42 /* CrimeData.cpp in Sources */,
				79277A9820224404005DBA42 /* Runner.cpp in Sources */,
				79277A9C20224441005DBA42 /* Controller.cpp in Sources */,
				79981F29202A339C008BB087 /* ArrayTester.cpp in Sources */,
				79277AA320224D99005DBA42 /* FileController.cpp in Sources */,
			);
			runOnlyForDeploymentPostprocessing = 0;
		};
/* End PBXSourcesBuildPhase section */

/* Begin XCBuildConfiguration section */
		79277A9220224340005DBA42 /* Debug */ = {
			isa = XCBuildConfiguration;
			buildSettings = {
				ALWAYS_SEARCH_USER_PATHS = NO;
				CLANG_ANALYZER_NONNULL = YES;
				CLANG_ANALYZER_NUMBER_OBJECT_CONVERSION = YES_AGGRESSIVE;
				CLANG_CXX_LANGUAGE_STANDARD = "gnu++14";
				CLANG_CXX_LIBRARY = "libc++";
				CLANG_ENABLE_MODULES = YES;
				CLANG_ENABLE_OBJC_ARC = YES;
				CLANG_WARN_BLOCK_CAPTURE_AUTORELEASING = YES;
				CLANG_WARN_BOOL_CONVERSION = YES;
				CLANG_WARN_COMMA = YES;
				CLANG_WARN_CONSTANT_CONVERSION = YES;
				CLANG_WARN_DIRECT_OBJC_ISA_USAGE = YES_ERROR;
				CLANG_WARN_DOCUMENTATION_COMMENTS = YES;
				CLANG_WARN_EMPTY_BODY = YES;
				CLANG_WARN_ENUM_CONVERSION = YES;
				CLANG_WARN_INFINITE_RECURSION = YES;
				CLANG_WARN_INT_CONVERSION = YES;
				CLANG_WARN_NON_LITERAL_NULL_CONVERSION = YES;
				CLANG_WARN_OBJC_LITERAL_CONVERSION = YES;
				CLANG_WARN_OBJC_ROOT_CLASS = YES_ERROR;
				CLANG_WARN_RANGE_LOOP_ANALYSIS = YES;
				CLANG_WARN_STRICT_PROTOTYPES = YES;
				CLANG_WARN_SUSPICIOUS_MOVE = YES;
				CLANG_WARN_UNGUARDED_AVAILABILITY = YES_AGGRESSIVE;
				CLANG_WARN_UNREACHABLE_CODE = YES;
				CLANG_WARN__DUPLICATE_METHOD_MATCH = YES;
				CODE_SIGN_IDENTITY = "-";
				COPY_PHASE_STRIP = NO;
				DEBUG_INFORMATION_FORMAT = dwarf;
				ENABLE_STRICT_OBJC_MSGSEND = YES;
				ENABLE_TESTABILITY = YES;
				GCC_C_LANGUAGE_STANDARD = gnu11;
				GCC_DYNAMIC_NO_PIC = NO;
				GCC_NO_COMMON_BLOCKS = YES;
				GCC_OPTIMIZATION_LEVEL = 0;
				GCC_PREPROCESSOR_DEFINITIONS = (
					"DEBUG=1",
					"$(inherited)",
				);
				GCC_WARN_64_TO_32_BIT_CONVERSION = YES;
				GCC_WARN_ABOUT_RETURN_TYPE = YES_ERROR;
				GCC_WARN_UNDECLARED_SELECTOR = YES;
				GCC_WARN_UNINITIALIZED_AUTOS = YES_AGGRESSIVE;
				GCC_WARN_UNUSED_FUNCTION = YES;
				GCC_WARN_UNUSED_VARIABLE = YES;
				MACOSX_DEPLOYMENT_TARGET = 10.12;
				MTL_ENABLE_DEBUG_INFO = YES;
				ONLY_ACTIVE_ARCH = YES;
				SDKROOT = macosx;
			};
			name = Debug;
		};
		79277A9320224340005DBA42 /* Release */ = {
			isa = XCBuildConfiguration;
			buildSettings = {
				ALWAYS_SEARCH_USER_PATHS = NO;
				CLANG_ANALYZER_NONNULL = YES;
				CLANG_ANALYZER_NUMBER_OBJECT_CONVERSION = YES_AGGRESSIVE;
				CLANG_CXX_LANGUAGE_STANDARD = "gnu++14";
				CLANG_CXX_LIBRARY = "libc++";
				CLANG_ENABLE_MODULES = YES;
				CLANG_ENABLE_OBJC_ARC = YES;
				CLANG_WARN_BLOCK_CAPTURE_AUTORELEASING = YES;
				CLANG_WARN_BOOL_CONVERSION = YES;
				CLANG_WARN_COMMA = YES;
				CLANG_WARN_CONSTANT_CONVERSION = YES;
				CLANG_WARN_DIRECT_OBJC_ISA_USAGE = YES_ERROR;
				CLANG_WARN_DOCUMENTATION_COMMENTS = YES;
				CLANG_WARN_EMPTY_BODY = YES;
				CLANG_WARN_ENUM_CONVERSION = YES;
				CLANG_WARN_INFINITE_RECURSION = YES;
				CLANG_WARN_INT_CONVERSION = YES;
				CLANG_WARN_NON_LITERAL_NULL_CONVERSION = YES;
				CLANG_WARN_OBJC_LITERAL_CONVERSION = YES;
				CLANG_WARN_OBJC_ROOT_CLASS = YES_ERROR;
				CLANG_WARN_RANGE_LOOP_ANALYSIS = YES;
				CLANG_WARN_STRICT_PROTOTYPES = YES;
				CLANG_WARN_SUSPICIOUS_MOVE = YES;
				CLANG_WARN_UNGUARDED_AVAILABILITY = YES_AGGRESSIVE;
				CLANG_WARN_UNREACHABLE_CODE = YES;
				CLANG_WARN__DUPLICATE_METHOD_MATCH = YES;
				CODE_SIGN_IDENTITY = "-";
				COPY_PHASE_STRIP = NO;
				DEBUG_INFORMATION_FORMAT = "dwarf-with-dsym";
				ENABLE_NS_ASSERTIONS = NO;
				ENABLE_STRICT_OBJC_MSGSEND = YES;
				GCC_C_LANGUAGE_STANDARD = gnu11;
				GCC_NO_COMMON_BLOCKS = YES;
				GCC_WARN_64_TO_32_BIT_CONVERSION = YES;
				GCC_WARN_ABOUT_RETURN_TYPE = YES_ERROR;
				GCC_WARN_UNDECLARED_SELECTOR = YES;
				GCC_WARN_UNINITIALIZED_AUTOS = YES_AGGRESSIVE;
				GCC_WARN_UNUSED_FUNCTION = YES;
				GCC_WARN_UNUSED_VARIABLE = YES;
				MACOSX_DEPLOYMENT_TARGET = 10.12;
				MTL_ENABLE_DEBUG_INFO = NO;
				SDKROOT = macosx;
			};
			name = Release;
		};
		79277A9520224340005DBA42 /* Debug */ = {
			isa = XCBuildConfiguration;
			buildSettings = {
				CODE_SIGN_STYLE = Automatic;
				PRODUCT_NAME = "$(TARGET_NAME)";
			};
			name = Debug;
		};
		79277A9620224340005DBA42 /* Release */ = {
			isa = XCBuildConfiguration;
			buildSettings = {
				CODE_SIGN_STYLE = Automatic;
				PRODUCT_NAME = "$(TARGET_NAME)";
			};
			name = Release;
		};
/* End XCBuildConfiguration section */

/* Begin XCConfigurationList section */
		79277A8820224340005DBA42 /* Build configuration list for PBXProject "DataStructures" */ = {
			isa = XCConfigurationList;
			buildConfigurations = (
				79277A9220224340005DBA42 /* Debug */,
				79277A9320224340005DBA42 /* Release */,
			);
			defaultConfigurationIsVisible = 0;
			defaultConfigurationName = Release;
		};
		79277A9420224340005DBA42 /* Build configuration list for PBXNativeTarget "DataStructures" */ = {
			isa = XCConfigurationList;
			buildConfigurations = (
				79277A9520224340005DBA42 /* Debug */,
				79277A9620224340005DBA42 /* Release */,
			);
			defaultConfigurationIsVisible = 0;
			defaultConfigurationName = Release;
		};
/* End XCConfigurationList section */
	};
	rootObject = 79277A8520224340005DBA42 /* Project object */;
}
